github.com/BurntSushi/toml v0.3.1 h1:WXkYYl6Yr3qBf1K79EBnL4mak0OimBfB0XUf9Vl28OQ=
github.com/BurntSushi/toml v0.3.1/go.mod h1:xHWCNGjB5oqiDr8zfno3MHue2Ht5sIBksp03qcyfWMU=
github.com/syronz/dict v1.1.0 h1:iBA0BcN2bpyv+gi7Y1LcP8uT3APq+U5c/DjzgosAvhg=
github.com/syronz/dict v1.1.0/go.mod h1:fP2KGduN2teXA4Xf364JeK/3KGSwhpQiaUhIEYplTDs=
